github.com/soypat/lap v0.1.1 h1:OE+FEYw2/ZtJD8pCXO7a1wJlzar4ft4ZHnAcaCCdvrc=
github.com/soypat/lap v0.1.1/go.mod h1:Mv9SjexDUzIRqqMUkec65PRWC0UZAGSthuW/3FVYYEM=
github.com/soypat/lap v0.1.2-0.20230610164927-143be4a7c121 h1:AjMu6hO7Qwq1yotMGvJ9liYcv9DMHWqSLobvD3Y9kaw=
github.com/soypat/lap v0.1.2-0.20230610164927-143be4a7c121/go.mod h1:Mv9SjexDUzIRqqMUkec65PRWC0UZAGSthuW/3FVYYEM=
github.com/soypat/lap v0.1.2-0.20230610170642-4378f9c8aefd h1:1dcmgbhowZwOGtTTDR6Sl7kWGueurf3+ufOfOCS5+xE=
github.com/soypat/lap v0.1.2-0.20230610170642-4378f9c8aefd/go.mod h1:Mv9SjexDUzIRqqMUkec65PRWC0UZAGSthuW/3FVYYEM=
github.com/soypat/lap v0.1.2-0.20230610171400-8febbebfb49d h1:t+WpDs2NyXL8KbilkoHuzacUr4O/qvJBAd185wZ88FI=
github.com/soypat/lap v0.1.2-0.20230610171400-8febbebfb49d/go.mod h1:Mv9SjexDUzIRqqMUkec65PRWC0UZAGSthuW/3FVYYEM=
github.com/soypat/manigold v0.0.0-20220614041313-be1a248c153a h1:iA5Eqpp79EssPZmsp1y6la7FvJkYlkZq6MYZmYRq/0g=
github.com/soypat/manigold v0.0.0-20220614041313-be1a248c153a/go.mod h1:nPLT4UYxojCilnD+2v7ExgBN4LRMHkRZxjfl+uo6210=
golang.org/x/exp v0.0.0-20191002040644-a1355ae1e2c3 h1:n9HxLrNxWWtEb1cA950nuEEj3QnKbtsCJ6KjcgisNUs=
gonum.org/v1/gonum v0.11.0 h1:f1IJhK4Km5tBJmaiJXtk/PkL4cdVX6J+tGiM187uT5E=
gonum.org/v1/gonum v0.11.0/go.mod h1:fSG4YDCxxUZQJ7rKsQrj0gMOg00Il0Z96/qMA4bVQhA=
